
Microsoft Visual Studio Solution File, Format Version 12.00
# Visual Studio Version 16
VisualStudioVersion = 16.0.31727.386
MinimumVisualStudioVersion = 10.0.40219.1
Project("{8BC9CEB8-8B4A-11D0-8D11-00A0C91BC942}") = "ProceduralGeneration", "ProceduralGeneration\ProceduralGeneration.vcxproj", "{0CC3C2E2-0C42-443C-B2A3-5A20D4014C45}"
EndProject
Global
	GlobalSection(SolutionConfigurationPlatforms) = preSolution
		Debug|x64 = Debug|x64
		Release Benchmark|x64 = Release Benchmark|x64
		Release|x64 = Release|x64
	EndGlobalSection
	GlobalSection(ProjectConfigurationPlatforms) = postSolution
		{0CC3C2E2-0C42-443C-B2A3-5A20D4014C45}.Debug|x64.ActiveCfg = Debug|x64
		{0CC3C2E2-0C42-443C-B2A3-5A20D4014C45}.Debug|x64.Build.0 = Debug|x64
		{0CC3C2E2-0C42-443C-B2A3-5A20D4014C45}.Release Benchmark|x64.ActiveCfg = Release Benchmark|x64
		{0CC3C2E2-0C42-443C-B2A3-5A20D4014C45}.Release Benchmark|x64.Build.0 = Release Benchmark|x64
		{0CC3C2E2-0C42-443C-B2A3-5A20D4014C45}.Release|x64.ActiveCfg = Release|x64
		{0CC3C2E2-0C42-443C-B2A3-5A20D4014C45}.Release|x64.Build.0 = Release|x64
	EndGlobalSection
	GlobalSection(SolutionProperties) = preSolution
		HideSolutionNode = FALSE
	EndGlobalSection
	GlobalSection(ExtensibilityGlobals) = postSolution
		SolutionGuid = {5A5F6411-4E7C-4CD1-8C2F-CE36D5AE0DC7}
	EndGlobalSection
EndGlobal
